// !$*UTF8*$!
{
	archiveVersion = 1;
	classes = {
	};
	objectVersion = 50;
	objects = {

/* Begin PBXBuildFile section */
		44ADDCD12568312C003AA33C /* AppDelegate.swift in Sources */ = {isa = PBXBuildFile; fileRef = 44ADDCD02568312C003AA33C /* AppDelegate.swift */; };
		44ADDCD32568312C003AA33C /* SceneDelegate.swift in Sources */ = {isa = PBXBuildFile; fileRef = 44ADDCD22568312C003AA33C /* SceneDelegate.swift */; };
		44ADDCD52568312C003AA33C /* ViewController.swift in Sources */ = {isa = PBXBuildFile; fileRef = 44ADDCD42568312C003AA33C /* ViewController.swift */; };
		44ADDCD82568312C003AA33C /* Main.storyboard in Resources */ = {isa = PBXBuildFile; fileRef = 44ADDCD62568312C003AA33C /* Main.storyboard */; };
		44ADDCDA2568312D003AA33C /* Assets.xcassets in Resources */ = {isa = PBXBuildFile; fileRef = 44ADDCD92568312D003AA33C /* Assets.xcassets */; };
		44ADDCDD2568312D003AA33C /* LaunchScreen.storyboard in Resources */ = {isa = PBXBuildFile; fileRef = 44ADDCDB2568312D003AA33C /* LaunchScreen.storyboard */; };
/* End PBXBuildFile section */

/* Begin PBXFileReference section */
		44ADDCCD2568312C003AA33C /* UIView.transition.app */ = {isa = PBXFileReference; explicitFileType = wrapper.application; includeInIndex = 0; path = UIView.transition.app; sourceTree = BUILT_PRODUCTS_DIR; };
		44ADDCD02568312C003AA33C /* AppDelegate.swift */ = {isa = PBXFileReference; lastKnownFileType = sourcecode.swift; path = AppDelegate.swift; sourceTree = "<group>"; };
		44ADDCD22568312C003AA33C /* SceneDelegate.swift */ = {isa = PBXFileReference; lastKnownFileType = sourcecode.swift; path = SceneDelegate.swift; sourceTree = "<group>"; };
		44ADDCD42568312C003AA33C /* ViewController.swift */ = {isa = PBXFileReference; lastKnownFileType = sourcecode.swift; path = ViewController.swift; sourceTree = "<group>"; };
		44ADDCD72568312C003AA33C /* Base */ = {isa = PBXFileReference; lastKnownFileType = file.storyboard; name = Base; path = Base.lproj/Main.storyboard; sourceTree = "<group>"; };
		44ADDCD92568312D003AA33C /* Assets.xcassets */ = {isa = PBXFileReference; lastKnownFileType = folder.assetcatalog; path = Assets.xcassets; sourceTree = "<group>"; };
		44ADDCDC2568312D003AA33C /* Base */ = {isa = PBXFileReference; lastKnownFileType = file.storyboard; name = Base; path = Base.lproj/LaunchScreen.storyboard; sourceTree = "<group>"; };
		44ADDCDE2568312D003AA33C /* Info.plist */ = {isa = PBXFileReference; lastKnownFileType = text.plist.xml; path = Info.plist; sourceTree = "<group>"; };
/* End PBXFileReference section */

/* Begin PBXFrameworksBuildPhase section */
		44ADDCCA2568312C003AA33C /* Frameworks */ = {
			isa = PBXFrameworksBuildPhase;
			buildActionMask = 2147483647;
			files = (
			);
			runOnlyForDeploymentPostprocessing = 0;
		};
/* End PBXFrameworksBuildPhase section */

/* Begin PBXGroup section */
		44ADDCC42568312C003AA33C = {
			isa = PBXGroup;
			children = (
				44ADDCCF2568312C003AA33C /* UIView.transition */,
				44ADDCCE2568312C003AA33C /* Products */,
			);
			sourceTree = "<group>";
		};
		44ADDCCE2568312C003AA33C /* Products */ = {
			isa = PBXGroup;
			children = (
				44ADDCCD2568312C003AA33C /* UIView.transition.app */,
			);
			name = Products;
			sourceTree = "<group>";
		};
		44ADDCCF2568312C003AA33C /* UIView.transition */ = {
			isa = PBXGroup;
			children = (
				44ADDCD02568312C003AA33C /* AppDelegate.swift */,
				44ADDCD22568312C003AA33C /* SceneDelegate.swift */,
				44ADDCD42568312C003AA33C /* ViewController.swift */,
				44ADDCD62568312C003AA33C /* Main.storyboard */,
				44ADDCD92568312D003AA33C /* Assets.xcassets */,
				44ADDCDB2568312D003AA33C /* LaunchScreen.storyboard */,
				44ADDCDE2568312D003AA33C /* Info.plist */,
			);
			path = UIView.transition;
			sourceTree = "<group>";
		};
/* End PBXGroup section */

/* Begin PBXNativeTarget section */
		44ADDCCC2568312C003AA33C /* UIView.transition */ = {
			isa = PBXNativeTarget;
			buildConfigurationList = 44ADDCE12568312D003AA33C /* Build configuration list for PBXNativeTarget "UIView.transition" */;
			buildPhases = (
				44ADDCC92568312C003AA33C /* Sources */,
				44ADDCCA2568312C003AA33C /* Frameworks */,
				44ADDCCB2568312C003AA33C /* Resources */,
			);
			buildRules = (
			);
			dependencies = (
			);
			name = UIView.transition;
			productName = UIView.transition;
			productReference = 44ADDCCD2568312C003AA33C /* UIView.transition.app */;
			productType = "com.apple.product-type.application";
		};
/* End PBXNativeTarget section */

/* Begin PBXProject section */
		44ADDCC52568312C003AA33C /* Project object */ = {
			isa = PBXProject;
			attributes = {
				LastSwiftUpdateCheck = 1220;
				LastUpgradeCheck = 1220;
				TargetAttributes = {
					44ADDCCC2568312C003AA33C = {
						CreatedOnToolsVersion = 12.2;
					};
				};
			};
			buildConfigurationList = 44ADDCC82568312C003AA33C /* Build configuration list for PBXProject "UIView.transition" */;
			compatibilityVersion = "Xcode 9.3";
			developmentRegion = en;
			hasScannedForEncodings = 0;
			knownRegions = (
				en,
				Base,
			);
			mainGroup = 44ADDCC42568312C003AA33C;
			productRefGroup = 44ADDCCE2568312C003AA33C /* Products */;
			projectDirPath = "";
			projectRoot = "";
			targets = (
				44ADDCCC2568312C003AA33C /* UIView.transition */,
			);
		};
/* End PBXProject section */

/* Begin PBXResourcesBuildPhase section */
		44ADDCCB2568312C003AA33C /* Resources */ = {
			isa = PBXResourcesBuildPhase;
			buildActionMask = 2147483647;
			files = (
				44ADDCDD2568312D003AA33C /* LaunchScreen.storyboard in Resources */,
				44ADDCDA2568312D003AA33C /* Assets.xcassets in Resources */,
				44ADDCD82568312C003AA33C /* Main.storyboard in Resources */,
			);
			runOnlyForDeploymentPostprocessing = 0;
		};
/* End PBXResourcesBuildPhase section */

/* Begin PBXSourcesBuildPhase section */
		44ADDCC92568312C003AA33C /* Sources */ = {
			isa = PBXSourcesBuildPhase;
			buildActionMask = 2147483647;
			files = (
				44ADDCD52568312C003AA33C /* ViewController.swift in Sources */,
				44ADDCD12568312C003AA33C /* AppDelegate.swift in Sources */,
				44ADDCD32568312C003AA33C /* SceneDelegate.swift in Sources */,
			);
			runOnlyForDeploymentPostprocessing = 0;
		};
/* End PBXSourcesBuildPhase section */

/* Begin PBXVariantGroup section */
		44ADDCD62568312C003AA33C /* Main.storyboard */ = {
			isa = PBXVariantGroup;
			children = (
				44ADDCD72568312C003AA33C /* Base */,
			);
			name = Main.storyboard;
			sourceTree = "<group>";
		};
		44ADDCDB2568312D003AA33C /* LaunchScreen.storyboard */ = {
			isa = PBXVariantGroup;
			children = (
				44ADDCDC2568312D003AA33C /* Base */,
			);
			name = LaunchScreen.storyboard;
			sourceTree = "<group>";
		};
/* End PBXVariantGroup section */

/* Begin XCBuildConfiguration section */
		44ADDCDF2568312D003AA33C /* Debug */ = {
			isa = XCBuildConfiguration;
			buildSettings = {
				ALWAYS_SEARCH_USER_PATHS = NO;
				CLANG_ANALYZER_NONNULL = YES;
				CLANG_ANALYZER_NUMBER_OBJECT_CONVERSION = YES_AGGRESSIVE;
				CLANG_CXX_LANGUAGE_STANDARD = "gnu++14";
				CLANG_CXX_LIBRARY = "libc++";
				CLANG_ENABLE_MODULES = YES;
				CLANG_ENABLE_OBJC_ARC = YES;
				CLANG_ENABLE_OBJC_WEAK = YES;
				CLANG_WARN_BLOCK_CAPTURE_AUTORELEASING = YES;
				CLANG_WARN_BOOL_CONVERSION = YES;
				CLANG_WARN_COMMA = YES;
				CLANG_WARN_CONSTANT_CONVERSION = YES;
				CLANG_WARN_DEPRECATED_OBJC_IMPLEMENTATIONS = YES;
				CLANG_WARN_DIRECT_OBJC_ISA_USAGE = YES_ERROR;
				CLANG_WARN_DOCUMENTATION_COMMENTS = YES;
				CLANG_WARN_EMPTY_BODY = YES;
				CLANG_WARN_ENUM_CONVERSION = YES;
				CLANG_WARN_INFINITE_RECURSION = YES;
				CLANG_WARN_INT_CONVERSION = YES;
				CLANG_WARN_NON_LITERAL_NULL_CONVERSION = YES;
				CLANG_WARN_OBJC_IMPLICIT_RETAIN_SELF = YES;
				CLANG_WARN_OBJC_LITERAL_CONVERSION = YES;
				CLANG_WARN_OBJC_ROOT_CLASS = YES_ERROR;
				CLANG_WARN_QUOTED_INCLUDE_IN_FRAMEWORK_HEADER = YES;
				CLANG_WARN_RANGE_LOOP_ANALYSIS = YES;
				CLANG_WARN_STRICT_PROTOTYPES = YES;
				CLANG_WARN_SUSPICIOUS_MOVE = YES;
				CLANG_WARN_UNGUARDED_AVAILABILITY = YES_AGGRESSIVE;
				CLANG_WARN_UNREACHABLE_CODE = YES;
				CLANG_WARN__DUPLICATE_METHOD_MATCH = YES;
				COPY_PHASE_STRIP = NO;
				DEBUG_INFORMATION_FORMAT = dwarf;
				ENABLE_STRICT_OBJC_MSGSEND = YES;
				ENABLE_TESTABILITY = YES;
				GCC_C_LANGUAGE_STANDARD = gnu11;
				GCC_DYNAMIC_NO_PIC = NO;
				GCC_NO_COMMON_BLOCKS = YES;
				GCC_OPTIMIZATION_LEVEL = 0;
				GCC_PREPROCESSOR_DEFINITIONS = (
					"DEBUG=1",
					"$(inherited)",
				);
				GCC_WARN_64_TO_32_BIT_CONVERSION = YES;
				GCC_WARN_ABOUT_RETURN_TYPE = YES_ERROR;
				GCC_WARN_UNDECLARED_SELECTOR = YES;
				GCC_WARN_UNINITIALIZED_AUTOS = YES_AGGRESSIVE;
				GCC_WARN_UNUSED_FUNCTION = YES;
				GCC_WARN_UNUSED_VARIABLE = YES;
				IPHONEOS_DEPLOYMENT_TARGET = 14.2;
				MTL_ENABLE_DEBUG_INFO = INCLUDE_SOURCE;
				MTL_FAST_MATH = YES;
				ONLY_ACTIVE_ARCH = YES;
				SDKROOT = iphoneos;
				SWIFT_ACTIVE_COMPILATION_CONDITIONS = DEBUG;
				SWIFT_OPTIMIZATION_LEVEL = "-Onone";
			};
			name = Debug;
		};
		44ADDCE02568312D003AA33C /* Release */ = {
			isa = XCBuildConfiguration;
			buildSettings = {
				ALWAYS_SEARCH_USER_PATHS = NO;
				CLANG_ANALYZER_NONNULL = YES;
				CLANG_ANALYZER_NUMBER_OBJECT_CONVERSION = YES_AGGRESSIVE;
				CLANG_CXX_LANGUAGE_STANDARD = "gnu++14";
				CLANG_CXX_LIBRARY = "libc++";
				CLANG_ENABLE_MODULES = YES;
				CLANG_ENABLE_OBJC_ARC = YES;
				CLANG_ENABLE_OBJC_WEAK = YES;
				CLANG_WARN_BLOCK_CAPTURE_AUTORELEASING = YES;
				CLANG_WARN_BOOL_CONVERSION = YES;
				CLANG_WARN_COMMA = YES;
				CLANG_WARN_CONSTANT_CONVERSION = YES;
				CLANG_WARN_DEPRECATED_OBJC_IMPLEMENTATIONS = YES;
				CLANG_WARN_DIRECT_OBJC_ISA_USAGE = YES_ERROR;
				CLANG_WARN_DOCUMENTATION_COMMENTS = YES;
				CLANG_WARN_EMPTY_BODY = YES;
				CLANG_WARN_ENUM_CONVERSION = YES;
				CLANG_WARN_INFINITE_RECURSION = YES;
				CLANG_WARN_INT_CONVERSION = YES;
				CLANG_WARN_NON_LITERAL_NULL_CONVERSION = YES;
				CLANG_WARN_OBJC_IMPLICIT_RETAIN_SELF = YES;
				CLANG_WARN_OBJC_LITERAL_CONVERSION = YES;
				CLANG_WARN_OBJC_ROOT_CLASS = YES_ERROR;
				CLANG_WARN_QUOTED_INCLUDE_IN_FRAMEWORK_HEADER = YES;
				CLANG_WARN_RANGE_LOOP_ANALYSIS = YES;
				CLANG_WARN_STRICT_PROTOTYPES = YES;
				CLANG_WARN_SUSPICIOUS_MOVE = YES;
				CLANG_WARN_UNGUARDED_AVAILABILITY = YES_AGGRESSIVE;
				CLANG_WARN_UNREACHABLE_CODE = YES;
				CLANG_WARN__DUPLICATE_METHOD_MATCH = YES;
				COPY_PHASE_STRIP = NO;
				DEBUG_INFORMATION_FORMAT = "dwarf-with-dsym";
				ENABLE_NS_ASSERTIONS = NO;
				ENABLE_STRICT_OBJC_MSGSEND = YES;
				GCC_C_LANGUAGE_STANDARD = gnu11;
				GCC_NO_COMMON_BLOCKS = YES;
				GCC_WARN_64_TO_32_BIT_CONVERSION = YES;
				GCC_WARN_ABOUT_RETURN_TYPE = YES_ERROR;
				GCC_WARN_UNDECLARED_SELECTOR = YES;
				GCC_WARN_UNINITIALIZED_AUTOS = YES_AGGRESSIVE;
				GCC_WARN_UNUSED_FUNCTION = YES;
				GCC_WARN_UNUSED_VARIABLE = YES;
				IPHONEOS_DEPLOYMENT_TARGET = 14.2;
				MTL_ENABLE_DEBUG_INFO = NO;
				MTL_FAST_MATH = YES;
				SDKROOT = iphoneos;
				SWIFT_COMPILATION_MODE = wholemodule;
				SWIFT_OPTIMIZATION_LEVEL = "-O";
				VALIDATE_PRODUCT = YES;
			};
			name = Release;
		};
		44ADDCE22568312D003AA33C /* Debug */ = {
			isa = XCBuildConfiguration;
			buildSettings = {
				ASSETCATALOG_COMPILER_APPICON_NAME = AppIcon;
				ASSETCATALOG_COMPILER_GLOBAL_ACCENT_COLOR_NAME = AccentColor;
				CODE_SIGN_STYLE = Automatic;
				DEVELOPMENT_TEAM = K4T42982SQ;
				INFOPLIST_FILE = UIView.transition/Info.plist;
				LD_RUNPATH_SEARCH_PATHS = (
					"$(inherited)",
					"@executable_path/Frameworks",
				);
				PRODUCT_BUNDLE_IDENTIFIER = "com.josephjz.UIView-transition";
				PRODUCT_NAME = "$(TARGET_NAME)";
				SWIFT_VERSION = 5.0;
				TARGETED_DEVICE_FAMILY = "1,2";
			};
			name = Debug;
		};
		44ADDCE32568312D003AA33C /* Release */ = {
			isa = XCBuildConfiguration;
			buildSettings = {
				ASSETCATALOG_COMPILER_APPICON_NAME = AppIcon;
				ASSETCATALOG_COMPILER_GLOBAL_ACCENT_COLOR_NAME = AccentColor;
				CODE_SIGN_STYLE = Automatic;
				DEVELOPMENT_TEAM = K4T42982SQ;
				INFOPLIST_FILE = UIView.transition/Info.plist;
				LD_RUNPATH_SEARCH_PATHS = (
					"$(inherited)",
					"@executable_path/Frameworks",
				);
				PRODUCT_BUNDLE_IDENTIFIER = "com.josephjz.UIView-transition";
				PRODUCT_NAME = "$(TARGET_NAME)";
				SWIFT_VERSION = 5.0;
				TARGETED_DEVICE_FAMILY = "1,2";
			};
			name = Release;
		};
/* End XCBuildConfiguration section */

/* Begin XCConfigurationList section */
		44ADDCC82568312C003AA33C /* Build configuration list for PBXProject "UIView.transition" */ = {
			isa = XCConfigurationList;
			buildConfigurations = (
				44ADDCDF2568312D003AA33C /* Debug */,
				44ADDCE02568312D003AA33C /* Release */,
			);
			defaultConfigurationIsVisible = 0;
			defaultConfigurationName = Release;
		};
		44ADDCE12568312D003AA33C /* Build configuration list for PBXNativeTarget "UIView.transition" */ = {
			isa = XCConfigurationList;
			buildConfigurations = (
				44ADDCE22568312D003AA33C /* Debug */,
				44ADDCE32568312D003AA33C /* Release */,
			);
			defaultConfigurationIsVisible = 0;
			defaultConfigurationName = Release;
		};
/* End XCConfigurationList section */
	};
	rootObject = 44ADDCC52568312C003AA33C /* Project object */;
}
